
Microsoft Visual Studio Solution File, Format Version 12.00
# Visual Studio Version 16
VisualStudioVersion = 16.0.33214.272
MinimumVisualStudioVersion = 10.0.40219.1
Project("{FAE04EC0-301F-11D3-BF4B-00C04F79EFBC}") = "Cstifstatement", "Cstifstatement\Cstifstatement.csproj", "{A85F9C1E-1863-4B7F-BFD8-2B9D3E91BAF2}"
EndProject
Global
	GlobalSection(SolutionConfigurationPlatforms) = preSolution
		Debug|Any CPU = Debug|Any CPU
		Release|Any CPU = Release|Any CPU
	EndGlobalSection
	GlobalSection(ProjectConfigurationPlatforms) = postSolution
		{A85F9C1E-1863-4B7F-BFD8-2B9D3E91BAF2}.Debug|Any CPU.ActiveCfg = Debug|Any CPU
		{A85F9C1E-1863-4B7F-BFD8-2B9D3E91BAF2}.Debug|Any CPU.Build.0 = Debug|Any CPU
		{A85F9C1E-1863-4B7F-BFD8-2B9D3E91BAF2}.Release|Any CPU.ActiveCfg = Release|Any CPU
		{A85F9C1E-1863-4B7F-BFD8-2B9D3E91BAF2}.Release|Any CPU.Build.0 = Release|Any CPU
	EndGlobalSection
	GlobalSection(SolutionProperties) = preSolution
		HideSolutionNode = FALSE
	EndGlobalSection
	GlobalSection(ExtensibilityGlobals) = postSolution
		SolutionGuid = {ADFFF866-60FD-49EB-A6DB-19B932207815}
	EndGlobalSection
EndGlobal
